
Microsoft Visual Studio Solution File, Format Version 12.00
# Visual Studio Version 16
VisualStudioVersion = 16.0.30611.23
MinimumVisualStudioVersion = 10.0.40219.1
Project("{FAE04EC0-301F-11D3-BF4B-00C04F79EFBC}") = "Learning_Simple_SPA_Routing", "Learning_Simple_SPA_Routing\Learning_Simple_SPA_Routing.csproj", "{9D6F6E73-9C3E-465B-A39B-1B8DB43CFFDF}"
EndProject
Global
	GlobalSection(SolutionConfigurationPlatforms) = preSolution
		Debug|Any CPU = Debug|Any CPU
		Release|Any CPU = Release|Any CPU
	EndGlobalSection
	GlobalSection(ProjectConfigurationPlatforms) = postSolution
		{9D6F6E73-9C3E-465B-A39B-1B8DB43CFFDF}.Debug|Any CPU.ActiveCfg = Debug|Any CPU
		{9D6F6E73-9C3E-465B-A39B-1B8DB43CFFDF}.Debug|Any CPU.Build.0 = Debug|Any CPU
		{9D6F6E73-9C3E-465B-A39B-1B8DB43CFFDF}.Release|Any CPU.ActiveCfg = Release|Any CPU
		{9D6F6E73-9C3E-465B-A39B-1B8DB43CFFDF}.Release|Any CPU.Build.0 = Release|Any CPU
	EndGlobalSection
	GlobalSection(SolutionProperties) = preSolution
		HideSolutionNode = FALSE
	EndGlobalSection
	GlobalSection(ExtensibilityGlobals) = postSolution
		SolutionGuid = {A80ADC1D-14FE-48E5-94D0-122CD39325C9}
	EndGlobalSection
EndGlobal
